
Microsoft Visual Studio Solution File, Format Version 12.00
# Visual Studio 2013
VisualStudioVersion = 12.0.40629.0
MinimumVisualStudioVersion = 10.0.40219.1
Project("{2150E333-8FDC-42A3-9474-1A3956D46DE8}") = "Solution Items", "Solution Items", "{2C8FF487-CDBF-4755-AFFB-34FDC74E12F9}"
	ProjectSection(SolutionItems) = preProject
		Gui2012.vsmdi = Gui2012.vsmdi
		Local.testsettings = Local.testsettings
		TraceAndTestImpact.testsettings = TraceAndTestImpact.testsettings
	EndProjectSection
EndProject
Project("{FAE04EC0-301F-11D3-BF4B-00C04F79EFBC}") = "BatchProcessing", "BatchProcessing\BatchProcessing.csproj", "{BB7DA054-4833-4198-B62F-BC29D321E316}"
EndProject
Project("{FAE04EC0-301F-11D3-BF4B-00C04F79EFBC}") = "DynamicQuery", "DynamicQuery\DynamicQuery.csproj", "{F285CEB0-4108-440C-AD94-1C1A7C159D7C}"
EndProject
Project("{FAE04EC0-301F-11D3-BF4B-00C04F79EFBC}") = "mko", "mko\mko\mko.csproj", "{FD808F4F-00BD-4BC6-8142-EF944200C901}"
EndProject
Project("{FAE04EC0-301F-11D3-BF4B-00C04F79EFBC}") = "mko.Newton", "mko.Newton\mko.Newton.csproj", "{3A0F1C60-DE64-4965-BA4A-C62CAEC54A65}"
EndProject
Project("{FAE04EC0-301F-11D3-BF4B-00C04F79EFBC}") = "mko.Euklid", "mko.Euklid\mko.Euklid.csproj", "{695D15FC-879A-407F-9E1D-D50C9733B0A6}"
EndProject
Project("{FAE04EC0-301F-11D3-BF4B-00C04F79EFBC}") = "mko.Graphic", "mko.Graphic\mko.Graphic.csproj", "{4FE2845E-D4D0-4CBD-8DA2-3A3184096102}"
EndProject
Project("{FAE04EC0-301F-11D3-BF4B-00C04F79EFBC}") = "mko.Algo", "mko.Algo\mko.Algo.csproj", "{E4390E39-D913-4A9A-9227-5E2CDCF04A4E}"
EndProject
Project("{FAE04EC0-301F-11D3-BF4B-00C04F79EFBC}") = "mko.Db", "mko.Db\mko.Db.csproj", "{94508F85-6BE9-4591-BBAB-B3064460B503}"
EndProject
Project("{FAE04EC0-301F-11D3-BF4B-00C04F79EFBC}") = "mko.Asp", "mko.Asp\mko.Asp.csproj", "{4BD5362F-C9E4-432E-9CF3-50D862EBE677}"
EndProject
Project("{FAE04EC0-301F-11D3-BF4B-00C04F79EFBC}") = "mko.Xhtml", "mko.Xhtml\mko.Xhtml.csproj", "{EDB7190F-0F5A-495F-ADF9-681E0B58A009}"
EndProject
Project("{FAE04EC0-301F-11D3-BF4B-00C04F79EFBC}") = "Sprachkonzepte", "Sprachkonzepte\Sprachkonzepte.csproj", "{C3234E55-D46B-4649-A20A-5C7B97E0DC68}"
EndProject
Project("{FAE04EC0-301F-11D3-BF4B-00C04F79EFBC}") = "Sprachkonzepte.Test", "Sprachkonzepte.Test\Sprachkonzepte.Test.csproj", "{26027984-8E49-4620-9772-3F383A583737}"
EndProject
Project("{FAE04EC0-301F-11D3-BF4B-00C04F79EFBC}") = "mko.Euklid.Test", "mko.Euklid.Test\mko.Euklid.Test.csproj", "{2043CF05-539C-4E9B-AB4E-538013EAD457}"
EndProject
Project("{FAE04EC0-301F-11D3-BF4B-00C04F79EFBC}") = "mko.Graphic.WebClient", "mko.Graphic.WebClient\mko.Graphic.WebClient.csproj", "{5A1212E0-61E9-4A4E-A344-D423FA3556F7}"
EndProject
Project("{FAE04EC0-301F-11D3-BF4B-00C04F79EFBC}") = "WinFormCtrlLib", "WinFormCtrlLib\WinFormCtrlLib.csproj", "{C2994D82-9FB0-4E13-B4AD-250976981966}"
EndProject
Project("{FAE04EC0-301F-11D3-BF4B-00C04F79EFBC}") = "WinForm-Dispatcher", "WinForm-Dispatcher\WinForm-Dispatcher.csproj", "{379F0639-E19B-4D1A-8305-9FC27DF483EA}"
EndProject
Project("{FAE04EC0-301F-11D3-BF4B-00C04F79EFBC}") = "WinFormTemplate", "WinFormTemplate\WinFormTemplate.csproj", "{7773815E-1890-4D94-A6D4-793387D17647}"
EndProject
Project("{FAE04EC0-301F-11D3-BF4B-00C04F79EFBC}") = "Wpf2DGrafik", "Wpf2DGrafik\Wpf2DGrafik.csproj", "{1196C7B6-8575-48E2-BCA8-EA6D321622A3}"
EndProject
Project("{FAE04EC0-301F-11D3-BF4B-00C04F79EFBC}") = "Wpf2DGrafikTest", "Wpf2DGrafikTest\Wpf2DGrafikTest.csproj", "{3FE65E34-25AA-49DF-8FFF-050670BCFFB3}"
EndProject
Project("{FAE04EC0-301F-11D3-BF4B-00C04F79EFBC}") = "WPF-ColorPenBrush", "WPF-ColorPenBrush\WPF-ColorPenBrush.csproj", "{D0C68CC4-B471-42A9-882D-4AEE9F179A7F}"
EndProject
Project("{FAE04EC0-301F-11D3-BF4B-00C04F79EFBC}") = "WpfDatenbindungAllg", "WpfDatenbindungAllg\WpfDatenbindungAllg.csproj", "{CEEFB71A-A000-4946-8431-F1EFD5AE97A0}"
EndProject
Project("{FAE04EC0-301F-11D3-BF4B-00C04F79EFBC}") = "WPF-Dispatcher", "WPF-Dispatcher\WPF-Dispatcher.csproj", "{880B9CF8-B93C-476A-A786-FEA0AE77D331}"
EndProject
Project("{FAE04EC0-301F-11D3-BF4B-00C04F79EFBC}") = "WpfFileBrowser", "WpfFileBrowser\WpfFileBrowser.csproj", "{CD3B8D22-D765-4F34-BFE0-18743C4F0E7D}"
EndProject
Project("{FAE04EC0-301F-11D3-BF4B-00C04F79EFBC}") = "WPFinWindowsForms", "WPFinWindowsForms\WPFinWindowsForms.csproj", "{51C7AD68-324C-4B5A-91DB-BCBA343896AE}"
EndProject
Project("{FAE04EC0-301F-11D3-BF4B-00C04F79EFBC}") = "WPF-Layout-Ausrichtung", "WPF-Layout-Ausrichtung\WPF-Layout-Ausrichtung.csproj", "{45444C63-5867-4FFF-9833-C751C907832D}"
EndProject
Project("{FAE04EC0-301F-11D3-BF4B-00C04F79EFBC}") = "WPF-RoutedEvents", "WPF-RoutedEvents\WPF-RoutedEvents.csproj", "{83A110AC-A48F-4D97-988F-ACD025A61564}"
EndProject
Project("{FAE04EC0-301F-11D3-BF4B-00C04F79EFBC}") = "WpfStandardApp", "WpfStandardApp\WpfStandardApp.csproj", "{96247FAE-C3A0-4E11-A4F8-9CAD280B9C0E}"
EndProject
Project("{FAE04EC0-301F-11D3-BF4B-00C04F79EFBC}") = "WPF-Steuerelemente", "WPF-Steuerelemente\WPF-Steuerelemente.csproj", "{C717DB65-ED7C-4C29-9635-A4BDEB61DDEF}"
EndProject
Project("{FAE04EC0-301F-11D3-BF4B-00C04F79EFBC}") = "WPFWindowsLib", "WPFWindowsLib\WPFWindowsLib.csproj", "{93C9E1A5-2426-4801-A886-B1CAC65BC24F}"
EndProject
Project("{FAE04EC0-301F-11D3-BF4B-00C04F79EFBC}") = "PicBrowser", "PicBrowser\PicBrowser.csproj", "{196AF97D-F098-4DA3-AA37-1E2467F2F40E}"
EndProject
Project("{FAE04EC0-301F-11D3-BF4B-00C04F79EFBC}") = "DirTree", "DirTree\DirTree.csproj", "{DF5639EA-8B91-4892-ABBB-4E1DABED1939}"
EndProject
Project("{FAE04EC0-301F-11D3-BF4B-00C04F79EFBC}") = "DmsCore", "DmsCore\DmsCore.csproj", "{11AC9ED6-EEA6-4D04-92C8-06F5DDE9C45E}"
EndProject
Project("{FAE04EC0-301F-11D3-BF4B-00C04F79EFBC}") = "FileClassificator", "FileClassificator\FileClassificator.csproj", "{9F5EE10A-9462-4F46-A3A2-0F58AA856BA5}"
EndProject
Project("{FAE04EC0-301F-11D3-BF4B-00C04F79EFBC}") = "DmsImg", "DmsImg\DmsImg.csproj", "{D4806D74-E3C1-432E-9C1F-5337A1B2C42A}"
EndProject
Project("{FAE04EC0-301F-11D3-BF4B-00C04F79EFBC}") = "WinFormValidierung", "WinFormValidierung\WinFormValidierung.csproj", "{AB04E18D-3277-45EA-BF0B-7B9C8882FF6A}"
EndProject
Project("{FAE04EC0-301F-11D3-BF4B-00C04F79EFBC}") = "WebCrawler", "WebCrawler\WebCrawler.csproj", "{76322623-0BC5-4531-AF4E-C3BF2053E3E4}"
EndProject
Project("{FAE04EC0-301F-11D3-BF4B-00C04F79EFBC}") = "WebCrawlerTest", "WebCrawlerTest\WebCrawlerTest.csproj", "{400C738D-89BD-4D7A-B76C-2BCB836F887E}"
EndProject
Project("{FAE04EC0-301F-11D3-BF4B-00C04F79EFBC}") = "MultiThreading_Console", "MultiThreading_Console\MultiThreading_Console.csproj", "{10F7A800-ABDA-493A-90DA-BD2D3F06C8E3}"
EndProject
Project("{FAE04EC0-301F-11D3-BF4B-00C04F79EFBC}") = "Multithreading_Console2", "Multithreading_Console2\Multithreading_Console2.csproj", "{5D3C9D82-21EE-4878-88BF-B959AA3265CC}"
EndProject
Project("{FAE04EC0-301F-11D3-BF4B-00C04F79EFBC}") = "FileClassificatorBatchProcessor", "FileClassificatorBatchProcessor\FileClassificatorBatchProcessor.csproj", "{17F177E2-DC22-45A1-A20F-18898D6F361B}"
EndProject
Project("{FAE04EC0-301F-11D3-BF4B-00C04F79EFBC}") = "FileClassificatorClient", "FileClassificatorClient\FileClassificatorClient.csproj", "{2BC5047C-1B25-4EF2-9824-2F2EC6CD8383}"
EndProject
Project("{FAE04EC0-301F-11D3-BF4B-00C04F79EFBC}") = "WinFormListen", "WinFormListen\WinFormListen.csproj", "{0C7EF475-CC9B-43CB-A578-1FAEC0F6E1EA}"
EndProject
Project("{FAE04EC0-301F-11D3-BF4B-00C04F79EFBC}") = "WpfListen", "WpfListen\WpfListen.csproj", "{709EBF80-3DC2-46A4-AD11-BEB69B3C7B2B}"
EndProject
Project("{FAE04EC0-301F-11D3-BF4B-00C04F79EFBC}") = "WinFormBinding", "WinFormBinding\WinFormBinding.csproj", "{7C8435E0-1514-4557-AF33-C0C713A6201E}"
EndProject
Project("{FAE04EC0-301F-11D3-BF4B-00C04F79EFBC}") = "WinFormDbClientMitGridViews", "WinFormDbClientMitGridViews\WinFormDbClientMitGridViews.csproj", "{4D4ED20E-68DA-4716-86D6-C786B6644A47}"
EndProject
Project("{FAE04EC0-301F-11D3-BF4B-00C04F79EFBC}") = "DBArtikelDbLayer", "DBArtikelDbLayer\DBArtikelDbLayer.csproj", "{9446C231-E262-4AA5-85B5-3621E379238B}"
EndProject
Project("{FAE04EC0-301F-11D3-BF4B-00C04F79EFBC}") = "WebPartLib", "WebPartLib\WebPartLib.csproj", "{88C55DA6-5173-4ABB-96CF-F8C620FAAC8F}"
EndProject
Project("{FAE04EC0-301F-11D3-BF4B-00C04F79EFBC}") = "FeatureCollector2", "FeatureCollector2\FeatureCollector2.csproj", "{D7E3A978-FFC2-4C46-8827-FFCE9C5463FF}"
EndProject
Project("{FAE04EC0-301F-11D3-BF4B-00C04F79EFBC}") = "FeatureCollector2DbLayer", "FeatureCollector2DbLayer\FeatureCollector2DbLayer.csproj", "{62037B3D-9361-4AA1-B6F5-4D5EA5D423E7}"
EndProject
Project("{FAE04EC0-301F-11D3-BF4B-00C04F79EFBC}") = "FeatureCollector2DbLayerBo", "FeatureCollector2DbLayerBo\FeatureCollector2DbLayerBo.csproj", "{F124A688-6059-455C-BB67-D2264DEB6248}"
EndProject
Project("{FAE04EC0-301F-11D3-BF4B-00C04F79EFBC}") = "WebDms2", "WebDms2\WebDms2.csproj", "{C0C6FA6C-6AF6-4F38-A275-36BA10243AEB}"
EndProject
Project("{FAE04EC0-301F-11D3-BF4B-00C04F79EFBC}") = "mko.Algo.Test", "mko.Algo.Test\mko.Algo.Test.csproj", "{5543B11A-E56D-4F6B-B916-446E2197C213}"
EndProject
Project("{FAE04EC0-301F-11D3-BF4B-00C04F79EFBC}") = "mko.Newton.Test", "mko.Newton.Test\mko.Newton.Test.csproj", "{975783E0-57FD-4471-ADA2-53F7397909F5}"
EndProject
Project("{FAE04EC0-301F-11D3-BF4B-00C04F79EFBC}") = "PrimScanParallelLib", "PrimScanParallelLib\PrimScanParallelLib.csproj", "{FF72E87D-95B4-4E05-A734-BABCD72F2A35}"
EndProject
Project("{FAE04EC0-301F-11D3-BF4B-00C04F79EFBC}") = "PrimScanParallelWinFormApp", "PrimScanParallelWinFormApp\PrimScanParallelWinFormApp.csproj", "{36B2B0C4-5684-4DBC-AE6A-ACB89D5676D1}"
EndProject
Project("{FAE04EC0-301F-11D3-BF4B-00C04F79EFBC}") = "mko.Xhtml.Test", "mko.Xhtml.Test\mko.Xhtml.Test.csproj", "{ABB3BDEB-3D1A-4D07-85D7-55AB00367F21}"
EndProject
Project("{FAE04EC0-301F-11D3-BF4B-00C04F79EFBC}") = "FeatureCollector2Test", "FeatureCollector2Test\FeatureCollector2Test.csproj", "{9BC88B1C-8DFB-4A42-BF30-10E34FCE56E6}"
EndProject
Project("{FAE04EC0-301F-11D3-BF4B-00C04F79EFBC}") = "mko.Newton.UI", "mko.Newton.UI\mko.Newton.UI.csproj", "{B697E924-4D77-4F64-834E-4DF5E1CD72AC}"
EndProject
Project("{FAE04EC0-301F-11D3-BF4B-00C04F79EFBC}") = "mko.Ballistik", "mko.Ballistik\mko.Ballistik.csproj", "{1696DD29-5575-488E-A75F-9D2994C71ED1}"
EndProject
Global
	GlobalSection(SolutionConfigurationPlatforms) = preSolution
		Debug|Any CPU = Debug|Any CPU
		Debug|Mixed Platforms = Debug|Mixed Platforms
		Debug|x86 = Debug|x86
		Release|Any CPU = Release|Any CPU
		Release|Mixed Platforms = Release|Mixed Platforms
		Release|x86 = Release|x86
	EndGlobalSection
	GlobalSection(ProjectConfigurationPlatforms) = postSolution
		{BB7DA054-4833-4198-B62F-BC29D321E316}.Debug|Any CPU.ActiveCfg = Debug|Any CPU
		{BB7DA054-4833-4198-B62F-BC29D321E316}.Debug|Any CPU.Build.0 = Debug|Any CPU
		{BB7DA054-4833-4198-B62F-BC29D321E316}.Debug|Mixed Platforms.ActiveCfg = Debug|Any CPU
		{BB7DA054-4833-4198-B62F-BC29D321E316}.Debug|Mixed Platforms.Build.0 = Debug|Any CPU
		{BB7DA054-4833-4198-B62F-BC29D321E316}.Debug|x86.ActiveCfg = Debug|Any CPU
		{BB7DA054-4833-4198-B62F-BC29D321E316}.Release|Any CPU.ActiveCfg = Release|Any CPU
		{BB7DA054-4833-4198-B62F-BC29D321E316}.Release|Any CPU.Build.0 = Release|Any CPU
		{BB7DA054-4833-4198-B62F-BC29D321E316}.Release|Mixed Platforms.ActiveCfg = Release|Any CPU
		{BB7DA054-4833-4198-B62F-BC29D321E316}.Release|Mixed Platforms.Build.0 = Release|Any CPU
		{BB7DA054-4833-4198-B62F-BC29D321E316}.Release|x86.ActiveCfg = Release|Any CPU
		{F285CEB0-4108-440C-AD94-1C1A7C159D7C}.Debug|Any CPU.ActiveCfg = Debug|Any CPU
		{F285CEB0-4108-440C-AD94-1C1A7C159D7C}.Debug|Any CPU.Build.0 = Debug|Any CPU
		{F285CEB0-4108-440C-AD94-1C1A7C159D7C}.Debug|Mixed Platforms.ActiveCfg = Debug|Any CPU
		{F285CEB0-4108-440C-AD94-1C1A7C159D7C}.Debug|Mixed Platforms.Build.0 = Debug|Any CPU
		{F285CEB0-4108-440C-AD94-1C1A7C159D7C}.Debug|x86.ActiveCfg = Debug|Any CPU
		{F285CEB0-4108-440C-AD94-1C1A7C159D7C}.Release|Any CPU.ActiveCfg = Release|Any CPU
		{F285CEB0-4108-440C-AD94-1C1A7C159D7C}.Release|Any CPU.Build.0 = Release|Any CPU
		{F285CEB0-4108-440C-AD94-1C1A7C159D7C}.Release|Mixed Platforms.ActiveCfg = Release|Any CPU
		{F285CEB0-4108-440C-AD94-1C1A7C159D7C}.Release|Mixed Platforms.Build.0 = Release|Any CPU
		{F285CEB0-4108-440C-AD94-1C1A7C159D7C}.Release|x86.ActiveCfg = Release|Any CPU
		{FD808F4F-00BD-4BC6-8142-EF944200C901}.Debug|Any CPU.ActiveCfg = Debug|Any CPU
		{FD808F4F-00BD-4BC6-8142-EF944200C901}.Debug|Any CPU.Build.0 = Debug|Any CPU
		{FD808F4F-00BD-4BC6-8142-EF944200C901}.Debug|Mixed Platforms.ActiveCfg = Debug|Any CPU
		{FD808F4F-00BD-4BC6-8142-EF944200C901}.Debug|Mixed Platforms.Build.0 = Debug|Any CPU
		{FD808F4F-00BD-4BC6-8142-EF944200C901}.Debug|x86.ActiveCfg = Debug|Any CPU
		{FD808F4F-00BD-4BC6-8142-EF944200C901}.Release|Any CPU.ActiveCfg = Release|Any CPU
		{FD808F4F-00BD-4BC6-8142-EF944200C901}.Release|Any CPU.Build.0 = Release|Any CPU
		{FD808F4F-00BD-4BC6-8142-EF944200C901}.Release|Mixed Platforms.ActiveCfg = Release|Any CPU
		{FD808F4F-00BD-4BC6-8142-EF944200C901}.Release|Mixed Platforms.Build.0 = Release|Any CPU
		{FD808F4F-00BD-4BC6-8142-EF944200C901}.Release|x86.ActiveCfg = Release|Any CPU
		{3A0F1C60-DE64-4965-BA4A-C62CAEC54A65}.Debug|Any CPU.ActiveCfg = Debug|Any CPU
		{3A0F1C60-DE64-4965-BA4A-C62CAEC54A65}.Debug|Any CPU.Build.0 = Debug|Any CPU
		{3A0F1C60-DE64-4965-BA4A-C62CAEC54A65}.Debug|Mixed Platforms.ActiveCfg = Debug|Any CPU
		{3A0F1C60-DE64-4965-BA4A-C62CAEC54A65}.Debug|Mixed Platforms.Build.0 = Debug|Any CPU
		{3A0F1C60-DE64-4965-BA4A-C62CAEC54A65}.Debug|x86.ActiveCfg = Debug|Any CPU
		{3A0F1C60-DE64-4965-BA4A-C62CAEC54A65}.Release|Any CPU.ActiveCfg = Release|Any CPU
		{3A0F1C60-DE64-4965-BA4A-C62CAEC54A65}.Release|Any CPU.Build.0 = Release|Any CPU
		{3A0F1C60-DE64-4965-BA4A-C62CAEC54A65}.Release|Mixed Platforms.ActiveCfg = Release|Any CPU
		{3A0F1C60-DE64-4965-BA4A-C62CAEC54A65}.Release|Mixed Platforms.Build.0 = Release|Any CPU
		{3A0F1C60-DE64-4965-BA4A-C62CAEC54A65}.Release|x86.ActiveCfg = Release|Any CPU
		{695D15FC-879A-407F-9E1D-D50C9733B0A6}.Debug|Any CPU.ActiveCfg = Debug|Any CPU
		{695D15FC-879A-407F-9E1D-D50C9733B0A6}.Debug|Any CPU.Build.0 = Debug|Any CPU
		{695D15FC-879A-407F-9E1D-D50C9733B0A6}.Debug|Mixed Platforms.ActiveCfg = Debug|Any CPU
		{695D15FC-879A-407F-9E1D-D50C9733B0A6}.Debug|Mixed Platforms.Build.0 = Debug|Any CPU
		{695D15FC-879A-407F-9E1D-D50C9733B0A6}.Debug|x86.ActiveCfg = Debug|Any CPU
		{695D15FC-879A-407F-9E1D-D50C9733B0A6}.Release|Any CPU.ActiveCfg = Release|Any CPU
		{695D15FC-879A-407F-9E1D-D50C9733B0A6}.Release|Any CPU.Build.0 = Release|Any CPU
		{695D15FC-879A-407F-9E1D-D50C9733B0A6}.Release|Mixed Platforms.ActiveCfg = Release|Any CPU
		{695D15FC-879A-407F-9E1D-D50C9733B0A6}.Release|Mixed Platforms.Build.0 = Release|Any CPU
		{695D15FC-879A-407F-9E1D-D50C9733B0A6}.Release|x86.ActiveCfg = Release|Any CPU
		{4FE2845E-D4D0-4CBD-8DA2-3A3184096102}.Debug|Any CPU.ActiveCfg = Debug|Any CPU
		{4FE2845E-D4D0-4CBD-8DA2-3A3184096102}.Debug|Any CPU.Build.0 = Debug|Any CPU
		{4FE2845E-D4D0-4CBD-8DA2-3A3184096102}.Debug|Mixed Platforms.ActiveCfg = Debug|Any CPU
		{4FE2845E-D4D0-4CBD-8DA2-3A3184096102}.Debug|Mixed Platforms.Build.0 = Debug|Any CPU
		{4FE2845E-D4D0-4CBD-8DA2-3A3184096102}.Debug|x86.ActiveCfg = Debug|Any CPU
		{4FE2845E-D4D0-4CBD-8DA2-3A3184096102}.Release|Any CPU.ActiveCfg = Release|Any CPU
		{4FE2845E-D4D0-4CBD-8DA2-3A3184096102}.Release|Any CPU.Build.0 = Release|Any CPU
		{4FE2845E-D4D0-4CBD-8DA2-3A3184096102}.Release|Mixed Platforms.ActiveCfg = Release|Any CPU
		{4FE2845E-D4D0-4CBD-8DA2-3A3184096102}.Release|Mixed Platforms.Build.0 = Release|Any CPU
		{4FE2845E-D4D0-4CBD-8DA2-3A3184096102}.Release|x86.ActiveCfg = Release|Any CPU
		{E4390E39-D913-4A9A-9227-5E2CDCF04A4E}.Debug|Any CPU.ActiveCfg = Debug|Any CPU
		{E4390E39-D913-4A9A-9227-5E2CDCF04A4E}.Debug|Any CPU.Build.0 = Debug|Any CPU
		{E4390E39-D913-4A9A-9227-5E2CDCF04A4E}.Debug|Mixed Platforms.ActiveCfg = Debug|Any CPU
		{E4390E39-D913-4A9A-9227-5E2CDCF04A4E}.Debug|Mixed Platforms.Build.0 = Debug|Any CPU
		{E4390E39-D913-4A9A-9227-5E2CDCF04A4E}.Debug|x86.ActiveCfg = Debug|Any CPU
		{E4390E39-D913-4A9A-9227-5E2CDCF04A4E}.Release|Any CPU.ActiveCfg = Release|Any CPU
		{E4390E39-D913-4A9A-9227-5E2CDCF04A4E}.Release|Any CPU.Build.0 = Release|Any CPU
		{E4390E39-D913-4A9A-9227-5E2CDCF04A4E}.Release|Mixed Platforms.ActiveCfg = Release|Any CPU
		{E4390E39-D913-4A9A-9227-5E2CDCF04A4E}.Release|Mixed Platforms.Build.0 = Release|Any CPU
		{E4390E39-D913-4A9A-9227-5E2CDCF04A4E}.Release|x86.ActiveCfg = Release|Any CPU
		{94508F85-6BE9-4591-BBAB-B3064460B503}.Debug|Any CPU.ActiveCfg = Debug|Any CPU
		{94508F85-6BE9-4591-BBAB-B3064460B503}.Debug|Any CPU.Build.0 = Debug|Any CPU
		{94508F85-6BE9-4591-BBAB-B3064460B503}.Debug|Mixed Platforms.ActiveCfg = Debug|Any CPU
		{94508F85-6BE9-4591-BBAB-B3064460B503}.Debug|Mixed Platforms.Build.0 = Debug|Any CPU
		{94508F85-6BE9-4591-BBAB-B3064460B503}.Debug|x86.ActiveCfg = Debug|Any CPU
		{94508F85-6BE9-4591-BBAB-B3064460B503}.Release|Any CPU.ActiveCfg = Release|Any CPU
		{94508F85-6BE9-4591-BBAB-B3064460B503}.Release|Any CPU.Build.0 = Release|Any CPU
		{94508F85-6BE9-4591-BBAB-B3064460B503}.Release|Mixed Platforms.ActiveCfg = Release|Any CPU
		{94508F85-6BE9-4591-BBAB-B3064460B503}.Release|Mixed Platforms.Build.0 = Release|Any CPU
		{94508F85-6BE9-4591-BBAB-B3064460B503}.Release|x86.ActiveCfg = Release|Any CPU
		{4BD5362F-C9E4-432E-9CF3-50D862EBE677}.Debug|Any CPU.ActiveCfg = Debug|Any CPU
		{4BD5362F-C9E4-432E-9CF3-50D862EBE677}.Debug|Any CPU.Build.0 = Debug|Any CPU
		{4BD5362F-C9E4-432E-9CF3-50D862EBE677}.Debug|Mixed Platforms.ActiveCfg = Debug|Any CPU
		{4BD5362F-C9E4-432E-9CF3-50D862EBE677}.Debug|Mixed Platforms.Build.0 = Debug|Any CPU
		{4BD5362F-C9E4-432E-9CF3-50D862EBE677}.Debug|x86.ActiveCfg = Debug|Any CPU
		{4BD5362F-C9E4-432E-9CF3-50D862EBE677}.Release|Any CPU.ActiveCfg = Release|Any CPU
		{4BD5362F-C9E4-432E-9CF3-50D862EBE677}.Release|Any CPU.Build.0 = Release|Any CPU
		{4BD5362F-C9E4-432E-9CF3-50D862EBE677}.Release|Mixed Platforms.ActiveCfg = Release|Any CPU
		{4BD5362F-C9E4-432E-9CF3-50D862EBE677}.Release|Mixed Platforms.Build.0 = Release|Any CPU
		{4BD5362F-C9E4-432E-9CF3-50D862EBE677}.Release|x86.ActiveCfg = Release|Any CPU
		{EDB7190F-0F5A-495F-ADF9-681E0B58A009}.Debug|Any CPU.ActiveCfg = Debug|Any CPU
		{EDB7190F-0F5A-495F-ADF9-681E0B58A009}.Debug|Any CPU.Build.0 = Debug|Any CPU
		{EDB7190F-0F5A-495F-ADF9-681E0B58A009}.Debug|Mixed Platforms.ActiveCfg = Debug|Any CPU
		{EDB7190F-0F5A-495F-ADF9-681E0B58A009}.Debug|Mixed Platforms.Build.0 = Debug|Any CPU
		{EDB7190F-0F5A-495F-ADF9-681E0B58A009}.Debug|x86.ActiveCfg = Debug|Any CPU
		{EDB7190F-0F5A-495F-ADF9-681E0B58A009}.Release|Any CPU.ActiveCfg = Release|Any CPU
		{EDB7190F-0F5A-495F-ADF9-681E0B58A009}.Release|Any CPU.Build.0 = Release|Any CPU
		{EDB7190F-0F5A-495F-ADF9-681E0B58A009}.Release|Mixed Platforms.ActiveCfg = Release|Any CPU
		{EDB7190F-0F5A-495F-ADF9-681E0B58A009}.Release|Mixed Platforms.Build.0 = Release|Any CPU
		{EDB7190F-0F5A-495F-ADF9-681E0B58A009}.Release|x86.ActiveCfg = Release|Any CPU
		{C3234E55-D46B-4649-A20A-5C7B97E0DC68}.Debug|Any CPU.ActiveCfg = Debug|Any CPU
		{C3234E55-D46B-4649-A20A-5C7B97E0DC68}.Debug|Any CPU.Build.0 = Debug|Any CPU
		{C3234E55-D46B-4649-A20A-5C7B97E0DC68}.Debug|Mixed Platforms.ActiveCfg = Debug|Any CPU
		{C3234E55-D46B-4649-A20A-5C7B97E0DC68}.Debug|Mixed Platforms.Build.0 = Debug|Any CPU
		{C3234E55-D46B-4649-A20A-5C7B97E0DC68}.Debug|x86.ActiveCfg = Debug|Any CPU
		{C3234E55-D46B-4649-A20A-5C7B97E0DC68}.Release|Any CPU.ActiveCfg = Release|Any CPU
		{C3234E55-D46B-4649-A20A-5C7B97E0DC68}.Release|Any CPU.Build.0 = Release|Any CPU
		{C3234E55-D46B-4649-A20A-5C7B97E0DC68}.Release|Mixed Platforms.ActiveCfg = Release|Any CPU
		{C3234E55-D46B-4649-A20A-5C7B97E0DC68}.Release|Mixed Platforms.Build.0 = Release|Any CPU
		{C3234E55-D46B-4649-A20A-5C7B97E0DC68}.Release|x86.ActiveCfg = Release|Any CPU
		{26027984-8E49-4620-9772-3F383A583737}.Debug|Any CPU.ActiveCfg = Debug|Any CPU
		{26027984-8E49-4620-9772-3F383A583737}.Debug|Any CPU.Build.0 = Debug|Any CPU
		{26027984-8E49-4620-9772-3F383A583737}.Debug|Mixed Platforms.ActiveCfg = Debug|Any CPU
		{26027984-8E49-4620-9772-3F383A583737}.Debug|Mixed Platforms.Build.0 = Debug|Any CPU
		{26027984-8E49-4620-9772-3F383A583737}.Debug|x86.ActiveCfg = Debug|Any CPU
		{26027984-8E49-4620-9772-3F383A583737}.Release|Any CPU.ActiveCfg = Release|Any CPU
		{26027984-8E49-4620-9772-3F383A583737}.Release|Any CPU.Build.0 = Release|Any CPU
		{26027984-8E49-4620-9772-3F383A583737}.Release|Mixed Platforms.ActiveCfg = Release|Any CPU
		{26027984-8E49-4620-9772-3F383A583737}.Release|Mixed Platforms.Build.0 = Release|Any CPU
		{26027984-8E49-4620-9772-3F383A583737}.Release|x86.ActiveCfg = Release|Any CPU
		{2043CF05-539C-4E9B-AB4E-538013EAD457}.Debug|Any CPU.ActiveCfg = Debug|Any CPU
		{2043CF05-539C-4E9B-AB4E-538013EAD457}.Debug|Any CPU.Build.0 = Debug|Any CPU
		{2043CF05-539C-4E9B-AB4E-538013EAD457}.Debug|Mixed Platforms.ActiveCfg = Debug|Any CPU
		{2043CF05-539C-4E9B-AB4E-538013EAD457}.Debug|Mixed Platforms.Build.0 = Debug|Any CPU
		{2043CF05-539C-4E9B-AB4E-538013EAD457}.Debug|x86.ActiveCfg = Debug|Any CPU
		{2043CF05-539C-4E9B-AB4E-538013EAD457}.Release|Any CPU.ActiveCfg = Release|Any CPU
		{2043CF05-539C-4E9B-AB4E-538013EAD457}.Release|Any CPU.Build.0 = Release|Any CPU
		{2043CF05-539C-4E9B-AB4E-538013EAD457}.Release|Mixed Platforms.ActiveCfg = Release|Any CPU
		{2043CF05-539C-4E9B-AB4E-538013EAD457}.Release|Mixed Platforms.Build.0 = Release|Any CPU
		{2043CF05-539C-4E9B-AB4E-538013EAD457}.Release|x86.ActiveCfg = Release|Any CPU
		{5A1212E0-61E9-4A4E-A344-D423FA3556F7}.Debug|Any CPU.ActiveCfg = Debug|Any CPU
		{5A1212E0-61E9-4A4E-A344-D423FA3556F7}.Debug|Any CPU.Build.0 = Debug|Any CPU
		{5A1212E0-61E9-4A4E-A344-D423FA3556F7}.Debug|Mixed Platforms.ActiveCfg = Debug|Any CPU
		{5A1212E0-61E9-4A4E-A344-D423FA3556F7}.Debug|Mixed Platforms.Build.0 = Debug|Any CPU
		{5A1212E0-61E9-4A4E-A344-D423FA3556F7}.Debug|x86.ActiveCfg = Debug|Any CPU
		{5A1212E0-61E9-4A4E-A344-D423FA3556F7}.Release|Any CPU.ActiveCfg = Release|Any CPU
		{5A1212E0-61E9-4A4E-A344-D423FA3556F7}.Release|Any CPU.Build.0 = Release|Any CPU
		{5A1212E0-61E9-4A4E-A344-D423FA3556F7}.Release|Mixed Platforms.ActiveCfg = Release|Any CPU
		{5A1212E0-61E9-4A4E-A344-D423FA3556F7}.Release|Mixed Platforms.Build.0 = Release|Any CPU
		{5A1212E0-61E9-4A4E-A344-D423FA3556F7}.Release|x86.ActiveCfg = Release|Any CPU
		{C2994D82-9FB0-4E13-B4AD-250976981966}.Debug|Any CPU.ActiveCfg = Debug|Any CPU
		{C2994D82-9FB0-4E13-B4AD-250976981966}.Debug|Any CPU.Build.0 = Debug|Any CPU
		{C2994D82-9FB0-4E13-B4AD-250976981966}.Debug|Mixed Platforms.ActiveCfg = Debug|Any CPU
		{C2994D82-9FB0-4E13-B4AD-250976981966}.Debug|Mixed Platforms.Build.0 = Debug|Any CPU
		{C2994D82-9FB0-4E13-B4AD-250976981966}.Debug|x86.ActiveCfg = Debug|Any CPU
		{C2994D82-9FB0-4E13-B4AD-250976981966}.Release|Any CPU.ActiveCfg = Release|Any CPU
		{C2994D82-9FB0-4E13-B4AD-250976981966}.Release|Any CPU.Build.0 = Release|Any CPU
		{C2994D82-9FB0-4E13-B4AD-250976981966}.Release|Mixed Platforms.ActiveCfg = Release|Any CPU
		{C2994D82-9FB0-4E13-B4AD-250976981966}.Release|Mixed Platforms.Build.0 = Release|Any CPU
		{C2994D82-9FB0-4E13-B4AD-250976981966}.Release|x86.ActiveCfg = Release|Any CPU
		{379F0639-E19B-4D1A-8305-9FC27DF483EA}.Debug|Any CPU.ActiveCfg = Debug|x86
		{379F0639-E19B-4D1A-8305-9FC27DF483EA}.Debug|Mixed Platforms.ActiveCfg = Debug|x86
		{379F0639-E19B-4D1A-8305-9FC27DF483EA}.Debug|Mixed Platforms.Build.0 = Debug|x86
		{379F0639-E19B-4D1A-8305-9FC27DF483EA}.Debug|x86.ActiveCfg = Debug|x86
		{379F0639-E19B-4D1A-8305-9FC27DF483EA}.Debug|x86.Build.0 = Debug|x86
		{379F0639-E19B-4D1A-8305-9FC27DF483EA}.Release|Any CPU.ActiveCfg = Release|x86
		{379F0639-E19B-4D1A-8305-9FC27DF483EA}.Release|Mixed Platforms.ActiveCfg = Release|x86
		{379F0639-E19B-4D1A-8305-9FC27DF483EA}.Release|Mixed Platforms.Build.0 = Release|x86
		{379F0639-E19B-4D1A-8305-9FC27DF483EA}.Release|x86.ActiveCfg = Release|x86
		{379F0639-E19B-4D1A-8305-9FC27DF483EA}.Release|x86.Build.0 = Release|x86
		{7773815E-1890-4D94-A6D4-793387D17647}.Debug|Any CPU.ActiveCfg = Debug|Any CPU
		{7773815E-1890-4D94-A6D4-793387D17647}.Debug|Any CPU.Build.0 = Debug|Any CPU
		{7773815E-1890-4D94-A6D4-793387D17647}.Debug|Mixed Platforms.ActiveCfg = Debug|Any CPU
		{7773815E-1890-4D94-A6D4-793387D17647}.Debug|Mixed Platforms.Build.0 = Debug|Any CPU
		{7773815E-1890-4D94-A6D4-793387D17647}.Debug|x86.ActiveCfg = Debug|Any CPU
		{7773815E-1890-4D94-A6D4-793387D17647}.Release|Any CPU.ActiveCfg = Release|Any CPU
		{7773815E-1890-4D94-A6D4-793387D17647}.Release|Any CPU.Build.0 = Release|Any CPU
		{7773815E-1890-4D94-A6D4-793387D17647}.Release|Mixed Platforms.ActiveCfg = Release|Any CPU
		{7773815E-1890-4D94-A6D4-793387D17647}.Release|Mixed Platforms.Build.0 = Release|Any CPU
		{7773815E-1890-4D94-A6D4-793387D17647}.Release|x86.ActiveCfg = Release|Any CPU
		{1196C7B6-8575-48E2-BCA8-EA6D321622A3}.Debug|Any CPU.ActiveCfg = Debug|Any CPU
		{1196C7B6-8575-48E2-BCA8-EA6D321622A3}.Debug|Any CPU.Build.0 = Debug|Any CPU
		{1196C7B6-8575-48E2-BCA8-EA6D321622A3}.Debug|Mixed Platforms.ActiveCfg = Debug|Any CPU
		{1196C7B6-8575-48E2-BCA8-EA6D321622A3}.Debug|Mixed Platforms.Build.0 = Debug|Any CPU
		{1196C7B6-8575-48E2-BCA8-EA6D321622A3}.Debug|x86.ActiveCfg = Debug|Any CPU
		{1196C7B6-8575-48E2-BCA8-EA6D321622A3}.Release|Any CPU.ActiveCfg = Release|Any CPU
		{1196C7B6-8575-48E2-BCA8-EA6D321622A3}.Release|Any CPU.Build.0 = Release|Any CPU
		{1196C7B6-8575-48E2-BCA8-EA6D321622A3}.Release|Mixed Platforms.ActiveCfg = Release|Any CPU
		{1196C7B6-8575-48E2-BCA8-EA6D321622A3}.Release|Mixed Platforms.Build.0 = Release|Any CPU
		{1196C7B6-8575-48E2-BCA8-EA6D321622A3}.Release|x86.ActiveCfg = Release|Any CPU
		{3FE65E34-25AA-49DF-8FFF-050670BCFFB3}.Debug|Any CPU.ActiveCfg = Debug|x86
		{3FE65E34-25AA-49DF-8FFF-050670BCFFB3}.Debug|Mixed Platforms.ActiveCfg = Debug|x86
		{3FE65E34-25AA-49DF-8FFF-050670BCFFB3}.Debug|Mixed Platforms.Build.0 = Debug|x86
		{3FE65E34-25AA-49DF-8FFF-050670BCFFB3}.Debug|x86.ActiveCfg = Debug|x86
		{3FE65E34-25AA-49DF-8FFF-050670BCFFB3}.Debug|x86.Build.0 = Debug|x86
		{3FE65E34-25AA-49DF-8FFF-050670BCFFB3}.Release|Any CPU.ActiveCfg = Release|x86
		{3FE65E34-25AA-49DF-8FFF-050670BCFFB3}.Release|Mixed Platforms.ActiveCfg = Release|x86
		{3FE65E34-25AA-49DF-8FFF-050670BCFFB3}.Release|Mixed Platforms.Build.0 = Release|x86
		{3FE65E34-25AA-49DF-8FFF-050670BCFFB3}.Release|x86.ActiveCfg = Release|x86
		{3FE65E34-25AA-49DF-8FFF-050670BCFFB3}.Release|x86.Build.0 = Release|x86
		{D0C68CC4-B471-42A9-882D-4AEE9F179A7F}.Debug|Any CPU.ActiveCfg = Debug|x86
		{D0C68CC4-B471-42A9-882D-4AEE9F179A7F}.Debug|Mixed Platforms.ActiveCfg = Debug|x86
		{D0C68CC4-B471-42A9-882D-4AEE9F179A7F}.Debug|Mixed Platforms.Build.0 = Debug|x86
		{D0C68CC4-B471-42A9-882D-4AEE9F179A7F}.Debug|x86.ActiveCfg = Debug|x86
		{D0C68CC4-B471-42A9-882D-4AEE9F179A7F}.Debug|x86.Build.0 = Debug|x86
		{D0C68CC4-B471-42A9-882D-4AEE9F179A7F}.Release|Any CPU.ActiveCfg = Release|x86
		{D0C68CC4-B471-42A9-882D-4AEE9F179A7F}.Release|Mixed Platforms.ActiveCfg = Release|x86
		{D0C68CC4-B471-42A9-882D-4AEE9F179A7F}.Release|Mixed Platforms.Build.0 = Release|x86
		{D0C68CC4-B471-42A9-882D-4AEE9F179A7F}.Release|x86.ActiveCfg = Release|x86
		{D0C68CC4-B471-42A9-882D-4AEE9F179A7F}.Release|x86.Build.0 = Release|x86
		{CEEFB71A-A000-4946-8431-F1EFD5AE97A0}.Debug|Any CPU.ActiveCfg = Debug|x86
		{CEEFB71A-A000-4946-8431-F1EFD5AE97A0}.Debug|Mixed Platforms.ActiveCfg = Debug|x86
		{CEEFB71A-A000-4946-8431-F1EFD5AE97A0}.Debug|Mixed Platforms.Build.0 = Debug|x86
		{CEEFB71A-A000-4946-8431-F1EFD5AE97A0}.Debug|x86.ActiveCfg = Debug|x86
		{CEEFB71A-A000-4946-8431-F1EFD5AE97A0}.Debug|x86.Build.0 = Debug|x86
		{CEEFB71A-A000-4946-8431-F1EFD5AE97A0}.Release|Any CPU.ActiveCfg = Release|x86
		{CEEFB71A-A000-4946-8431-F1EFD5AE97A0}.Release|Mixed Platforms.ActiveCfg = Release|x86
		{CEEFB71A-A000-4946-8431-F1EFD5AE97A0}.Release|Mixed Platforms.Build.0 = Release|x86
		{CEEFB71A-A000-4946-8431-F1EFD5AE97A0}.Release|x86.ActiveCfg = Release|x86
		{CEEFB71A-A000-4946-8431-F1EFD5AE97A0}.Release|x86.Build.0 = Release|x86
		{880B9CF8-B93C-476A-A786-FEA0AE77D331}.Debug|Any CPU.ActiveCfg = Debug|x86
		{880B9CF8-B93C-476A-A786-FEA0AE77D331}.Debug|Mixed Platforms.ActiveCfg = Debug|x86
		{880B9CF8-B93C-476A-A786-FEA0AE77D331}.Debug|Mixed Platforms.Build.0 = Debug|x86
		{880B9CF8-B93C-476A-A786-FEA0AE77D331}.Debug|x86.ActiveCfg = Debug|x86
		{880B9CF8-B93C-476A-A786-FEA0AE77D331}.Debug|x86.Build.0 = Debug|x86
		{880B9CF8-B93C-476A-A786-FEA0AE77D331}.Release|Any CPU.ActiveCfg = Release|x86
		{880B9CF8-B93C-476A-A786-FEA0AE77D331}.Release|Mixed Platforms.ActiveCfg = Release|x86
		{880B9CF8-B93C-476A-A786-FEA0AE77D331}.Release|Mixed Platforms.Build.0 = Release|x86
		{880B9CF8-B93C-476A-A786-FEA0AE77D331}.Release|x86.ActiveCfg = Release|x86
		{880B9CF8-B93C-476A-A786-FEA0AE77D331}.Release|x86.Build.0 = Release|x86
		{CD3B8D22-D765-4F34-BFE0-18743C4F0E7D}.Debug|Any CPU.ActiveCfg = Debug|x86
		{CD3B8D22-D765-4F34-BFE0-18743C4F0E7D}.Debug|Mixed Platforms.ActiveCfg = Debug|x86
		{CD3B8D22-D765-4F34-BFE0-18743C4F0E7D}.Debug|Mixed Platforms.Build.0 = Debug|x86
		{CD3B8D22-D765-4F34-BFE0-18743C4F0E7D}.Debug|x86.ActiveCfg = Debug|x86
		{CD3B8D22-D765-4F34-BFE0-18743C4F0E7D}.Debug|x86.Build.0 = Debug|x86
		{CD3B8D22-D765-4F34-BFE0-18743C4F0E7D}.Release|Any CPU.ActiveCfg = Release|x86
		{CD3B8D22-D765-4F34-BFE0-18743C4F0E7D}.Release|Mixed Platforms.ActiveCfg = Release|x86
		{CD3B8D22-D765-4F34-BFE0-18743C4F0E7D}.Release|Mixed Platforms.Build.0 = Release|x86
		{CD3B8D22-D765-4F34-BFE0-18743C4F0E7D}.Release|x86.ActiveCfg = Release|x86
		{CD3B8D22-D765-4F34-BFE0-18743C4F0E7D}.Release|x86.Build.0 = Release|x86
		{51C7AD68-324C-4B5A-91DB-BCBA343896AE}.Debug|Any CPU.ActiveCfg = Debug|Any CPU
		{51C7AD68-324C-4B5A-91DB-BCBA343896AE}.Debug|Any CPU.Build.0 = Debug|Any CPU
		{51C7AD68-324C-4B5A-91DB-BCBA343896AE}.Debug|Mixed Platforms.ActiveCfg = Debug|Any CPU
		{51C7AD68-324C-4B5A-91DB-BCBA343896AE}.Debug|Mixed Platforms.Build.0 = Debug|Any CPU
		{51C7AD68-324C-4B5A-91DB-BCBA343896AE}.Debug|x86.ActiveCfg = Debug|Any CPU
		{51C7AD68-324C-4B5A-91DB-BCBA343896AE}.Release|Any CPU.ActiveCfg = Release|Any CPU
		{51C7AD68-324C-4B5A-91DB-BCBA343896AE}.Release|Any CPU.Build.0 = Release|Any CPU
		{51C7AD68-324C-4B5A-91DB-BCBA343896AE}.Release|Mixed Platforms.ActiveCfg = Release|Any CPU
		{51C7AD68-324C-4B5A-91DB-BCBA343896AE}.Release|Mixed Platforms.Build.0 = Release|Any CPU
		{51C7AD68-324C-4B5A-91DB-BCBA343896AE}.Release|x86.ActiveCfg = Release|Any CPU
		{45444C63-5867-4FFF-9833-C751C907832D}.Debug|Any CPU.ActiveCfg = Debug|x86
		{45444C63-5867-4FFF-9833-C751C907832D}.Debug|Mixed Platforms.ActiveCfg = Debug|x86
		{45444C63-5867-4FFF-9833-C751C907832D}.Debug|Mixed Platforms.Build.0 = Debug|x86
		{45444C63-5867-4FFF-9833-C751C907832D}.Debug|x86.ActiveCfg = Debug|x86
		{45444C63-5867-4FFF-9833-C751C907832D}.Debug|x86.Build.0 = Debug|x86
		{45444C63-5867-4FFF-9833-C751C907832D}.Release|Any CPU.ActiveCfg = Release|x86
		{45444C63-5867-4FFF-9833-C751C907832D}.Release|Mixed Platforms.ActiveCfg = Release|x86
		{45444C63-5867-4FFF-9833-C751C907832D}.Release|Mixed Platforms.Build.0 = Release|x86
		{45444C63-5867-4FFF-9833-C751C907832D}.Release|x86.ActiveCfg = Release|x86
		{45444C63-5867-4FFF-9833-C751C907832D}.Release|x86.Build.0 = Release|x86
		{83A110AC-A48F-4D97-988F-ACD025A61564}.Debug|Any CPU.ActiveCfg = Debug|x86
		{83A110AC-A48F-4D97-988F-ACD025A61564}.Debug|Mixed Platforms.ActiveCfg = Debug|x86
		{83A110AC-A48F-4D97-988F-ACD025A61564}.Debug|Mixed Platforms.Build.0 = Debug|x86
		{83A110AC-A48F-4D97-988F-ACD025A61564}.Debug|x86.ActiveCfg = Debug|x86
		{83A110AC-A48F-4D97-988F-ACD025A61564}.Debug|x86.Build.0 = Debug|x86
		{83A110AC-A48F-4D97-988F-ACD025A61564}.Release|Any CPU.ActiveCfg = Release|x86
		{83A110AC-A48F-4D97-988F-ACD025A61564}.Release|Mixed Platforms.ActiveCfg = Release|x86
		{83A110AC-A48F-4D97-988F-ACD025A61564}.Release|Mixed Platforms.Build.0 = Release|x86
		{83A110AC-A48F-4D97-988F-ACD025A61564}.Release|x86.ActiveCfg = Release|x86
		{83A110AC-A48F-4D97-988F-ACD025A61564}.Release|x86.Build.0 = Release|x86
		{96247FAE-C3A0-4E11-A4F8-9CAD280B9C0E}.Debug|Any CPU.ActiveCfg = Debug|x86
		{96247FAE-C3A0-4E11-A4F8-9CAD280B9C0E}.Debug|Mixed Platforms.ActiveCfg = Debug|x86
		{96247FAE-C3A0-4E11-A4F8-9CAD280B9C0E}.Debug|Mixed Platforms.Build.0 = Debug|x86
		{96247FAE-C3A0-4E11-A4F8-9CAD280B9C0E}.Debug|x86.ActiveCfg = Debug|x86
		{96247FAE-C3A0-4E11-A4F8-9CAD280B9C0E}.Debug|x86.Build.0 = Debug|x86
		{96247FAE-C3A0-4E11-A4F8-9CAD280B9C0E}.Release|Any CPU.ActiveCfg = Release|x86
		{96247FAE-C3A0-4E11-A4F8-9CAD280B9C0E}.Release|Mixed Platforms.ActiveCfg = Release|x86
		{96247FAE-C3A0-4E11-A4F8-9CAD280B9C0E}.Release|Mixed Platforms.Build.0 = Release|x86
		{96247FAE-C3A0-4E11-A4F8-9CAD280B9C0E}.Release|x86.ActiveCfg = Release|x86
		{96247FAE-C3A0-4E11-A4F8-9CAD280B9C0E}.Release|x86.Build.0 = Release|x86
		{C717DB65-ED7C-4C29-9635-A4BDEB61DDEF}.Debug|Any CPU.ActiveCfg = Debug|Any CPU
		{C717DB65-ED7C-4C29-9635-A4BDEB61DDEF}.Debug|Any CPU.Build.0 = Debug|Any CPU
		{C717DB65-ED7C-4C29-9635-A4BDEB61DDEF}.Debug|Mixed Platforms.ActiveCfg = Debug|Any CPU
		{C717DB65-ED7C-4C29-9635-A4BDEB61DDEF}.Debug|Mixed Platforms.Build.0 = Debug|Any CPU
		{C717DB65-ED7C-4C29-9635-A4BDEB61DDEF}.Debug|x86.ActiveCfg = Debug|Any CPU
		{C717DB65-ED7C-4C29-9635-A4BDEB61DDEF}.Release|Any CPU.ActiveCfg = Release|Any CPU
		{C717DB65-ED7C-4C29-9635-A4BDEB61DDEF}.Release|Any CPU.Build.0 = Release|Any CPU
		{C717DB65-ED7C-4C29-9635-A4BDEB61DDEF}.Release|Mixed Platforms.ActiveCfg = Release|Any CPU
		{C717DB65-ED7C-4C29-9635-A4BDEB61DDEF}.Release|Mixed Platforms.Build.0 = Release|Any CPU
		{C717DB65-ED7C-4C29-9635-A4BDEB61DDEF}.Release|x86.ActiveCfg = Release|Any CPU
		{93C9E1A5-2426-4801-A886-B1CAC65BC24F}.Debug|Any CPU.ActiveCfg = Debug|Any CPU
		{93C9E1A5-2426-4801-A886-B1CAC65BC24F}.Debug|Any CPU.Build.0 = Debug|Any CPU
		{93C9E1A5-2426-4801-A886-B1CAC65BC24F}.Debug|Mixed Platforms.ActiveCfg = Debug|Any CPU
		{93C9E1A5-2426-4801-A886-B1CAC65BC24F}.Debug|Mixed Platforms.Build.0 = Debug|Any CPU
		{93C9E1A5-2426-4801-A886-B1CAC65BC24F}.Debug|x86.ActiveCfg = Debug|Any CPU
		{93C9E1A5-2426-4801-A886-B1CAC65BC24F}.Release|Any CPU.ActiveCfg = Release|Any CPU
		{93C9E1A5-2426-4801-A886-B1CAC65BC24F}.Release|Any CPU.Build.0 = Release|Any CPU
		{93C9E1A5-2426-4801-A886-B1CAC65BC24F}.Release|Mixed Platforms.ActiveCfg = Release|Any CPU
		{93C9E1A5-2426-4801-A886-B1CAC65BC24F}.Release|Mixed Platforms.Build.0 = Release|Any CPU
		{93C9E1A5-2426-4801-A886-B1CAC65BC24F}.Release|x86.ActiveCfg = Release|Any CPU
		{196AF97D-F098-4DA3-AA37-1E2467F2F40E}.Debug|Any CPU.ActiveCfg = Debug|Any CPU
		{196AF97D-F098-4DA3-AA37-1E2467F2F40E}.Debug|Any CPU.Build.0 = Debug|Any CPU
		{196AF97D-F098-4DA3-AA37-1E2467F2F40E}.Debug|Mixed Platforms.ActiveCfg = Debug|Any CPU
		{196AF97D-F098-4DA3-AA37-1E2467F2F40E}.Debug|Mixed Platforms.Build.0 = Debug|Any CPU
		{196AF97D-F098-4DA3-AA37-1E2467F2F40E}.Debug|x86.ActiveCfg = Debug|Any CPU
		{196AF97D-F098-4DA3-AA37-1E2467F2F40E}.Release|Any CPU.ActiveCfg = Release|Any CPU
		{196AF97D-F098-4DA3-AA37-1E2467F2F40E}.Release|Any CPU.Build.0 = Release|Any CPU
		{196AF97D-F098-4DA3-AA37-1E2467F2F40E}.Release|Mixed Platforms.ActiveCfg = Release|Any CPU
		{196AF97D-F098-4DA3-AA37-1E2467F2F40E}.Release|Mixed Platforms.Build.0 = Release|Any CPU
		{196AF97D-F098-4DA3-AA37-1E2467F2F40E}.Release|x86.ActiveCfg = Release|Any CPU
		{DF5639EA-8B91-4892-ABBB-4E1DABED1939}.Debug|Any CPU.ActiveCfg = Debug|Any CPU
		{DF5639EA-8B91-4892-ABBB-4E1DABED1939}.Debug|Any CPU.Build.0 = Debug|Any CPU
		{DF5639EA-8B91-4892-ABBB-4E1DABED1939}.Debug|Mixed Platforms.ActiveCfg = Debug|Any CPU
		{DF5639EA-8B91-4892-ABBB-4E1DABED1939}.Debug|Mixed Platforms.Build.0 = Debug|Any CPU
		{DF5639EA-8B91-4892-ABBB-4E1DABED1939}.Debug|x86.ActiveCfg = Debug|Any CPU
		{DF5639EA-8B91-4892-ABBB-4E1DABED1939}.Release|Any CPU.ActiveCfg = Release|Any CPU
		{DF5639EA-8B91-4892-ABBB-4E1DABED1939}.Release|Any CPU.Build.0 = Release|Any CPU
		{DF5639EA-8B91-4892-ABBB-4E1DABED1939}.Release|Mixed Platforms.ActiveCfg = Release|Any CPU
		{DF5639EA-8B91-4892-ABBB-4E1DABED1939}.Release|Mixed Platforms.Build.0 = Release|Any CPU
		{DF5639EA-8B91-4892-ABBB-4E1DABED1939}.Release|x86.ActiveCfg = Release|Any CPU
		{11AC9ED6-EEA6-4D04-92C8-06F5DDE9C45E}.Debug|Any CPU.ActiveCfg = Debug|Any CPU
		{11AC9ED6-EEA6-4D04-92C8-06F5DDE9C45E}.Debug|Any CPU.Build.0 = Debug|Any CPU
		{11AC9ED6-EEA6-4D04-92C8-06F5DDE9C45E}.Debug|Mixed Platforms.ActiveCfg = Debug|Any CPU
		{11AC9ED6-EEA6-4D04-92C8-06F5DDE9C45E}.Debug|Mixed Platforms.Build.0 = Debug|Any CPU
		{11AC9ED6-EEA6-4D04-92C8-06F5DDE9C45E}.Debug|x86.ActiveCfg = Debug|Any CPU
		{11AC9ED6-EEA6-4D04-92C8-06F5DDE9C45E}.Release|Any CPU.ActiveCfg = Release|Any CPU
		{11AC9ED6-EEA6-4D04-92C8-06F5DDE9C45E}.Release|Any CPU.Build.0 = Release|Any CPU
		{11AC9ED6-EEA6-4D04-92C8-06F5DDE9C45E}.Release|Mixed Platforms.ActiveCfg = Release|Any CPU
		{11AC9ED6-EEA6-4D04-92C8-06F5DDE9C45E}.Release|Mixed Platforms.Build.0 = Release|Any CPU
		{11AC9ED6-EEA6-4D04-92C8-06F5DDE9C45E}.Release|x86.ActiveCfg = Release|Any CPU
		{9F5EE10A-9462-4F46-A3A2-0F58AA856BA5}.Debug|Any CPU.ActiveCfg = Debug|Any CPU
		{9F5EE10A-9462-4F46-A3A2-0F58AA856BA5}.Debug|Any CPU.Build.0 = Debug|Any CPU
		{9F5EE10A-9462-4F46-A3A2-0F58AA856BA5}.Debug|Mixed Platforms.ActiveCfg = Debug|Any CPU
		{9F5EE10A-9462-4F46-A3A2-0F58AA856BA5}.Debug|Mixed Platforms.Build.0 = Debug|Any CPU
		{9F5EE10A-9462-4F46-A3A2-0F58AA856BA5}.Debug|x86.ActiveCfg = Debug|Any CPU
		{9F5EE10A-9462-4F46-A3A2-0F58AA856BA5}.Release|Any CPU.ActiveCfg = Release|Any CPU
		{9F5EE10A-9462-4F46-A3A2-0F58AA856BA5}.Release|Any CPU.Build.0 = Release|Any CPU
		{9F5EE10A-9462-4F46-A3A2-0F58AA856BA5}.Release|Mixed Platforms.ActiveCfg = Release|Any CPU
		{9F5EE10A-9462-4F46-A3A2-0F58AA856BA5}.Release|Mixed Platforms.Build.0 = Release|Any CPU
		{9F5EE10A-9462-4F46-A3A2-0F58AA856BA5}.Release|x86.ActiveCfg = Release|Any CPU
		{D4806D74-E3C1-432E-9C1F-5337A1B2C42A}.Debug|Any CPU.ActiveCfg = Debug|Any CPU
		{D4806D74-E3C1-432E-9C1F-5337A1B2C42A}.Debug|Any CPU.Build.0 = Debug|Any CPU
		{D4806D74-E3C1-432E-9C1F-5337A1B2C42A}.Debug|Mixed Platforms.ActiveCfg = Debug|Any CPU
		{D4806D74-E3C1-432E-9C1F-5337A1B2C42A}.Debug|Mixed Platforms.Build.0 = Debug|Any CPU
		{D4806D74-E3C1-432E-9C1F-5337A1B2C42A}.Debug|x86.ActiveCfg = Debug|Any CPU
		{D4806D74-E3C1-432E-9C1F-5337A1B2C42A}.Release|Any CPU.ActiveCfg = Release|Any CPU
		{D4806D74-E3C1-432E-9C1F-5337A1B2C42A}.Release|Any CPU.Build.0 = Release|Any CPU
		{D4806D74-E3C1-432E-9C1F-5337A1B2C42A}.Release|Mixed Platforms.ActiveCfg = Release|Any CPU
		{D4806D74-E3C1-432E-9C1F-5337A1B2C42A}.Release|Mixed Platforms.Build.0 = Release|Any CPU
		{D4806D74-E3C1-432E-9C1F-5337A1B2C42A}.Release|x86.ActiveCfg = Release|Any CPU
		{AB04E18D-3277-45EA-BF0B-7B9C8882FF6A}.Debug|Any CPU.ActiveCfg = Debug|x86
		{AB04E18D-3277-45EA-BF0B-7B9C8882FF6A}.Debug|Mixed Platforms.ActiveCfg = Debug|x86
		{AB04E18D-3277-45EA-BF0B-7B9C8882FF6A}.Debug|Mixed Platforms.Build.0 = Debug|x86
		{AB04E18D-3277-45EA-BF0B-7B9C8882FF6A}.Debug|x86.ActiveCfg = Debug|x86
		{AB04E18D-3277-45EA-BF0B-7B9C8882FF6A}.Debug|x86.Build.0 = Debug|x86
		{AB04E18D-3277-45EA-BF0B-7B9C8882FF6A}.Release|Any CPU.ActiveCfg = Release|x86
		{AB04E18D-3277-45EA-BF0B-7B9C8882FF6A}.Release|Mixed Platforms.ActiveCfg = Release|x86
		{AB04E18D-3277-45EA-BF0B-7B9C8882FF6A}.Release|Mixed Platforms.Build.0 = Release|x86
		{AB04E18D-3277-45EA-BF0B-7B9C8882FF6A}.Release|x86.ActiveCfg = Release|x86
		{AB04E18D-3277-45EA-BF0B-7B9C8882FF6A}.Release|x86.Build.0 = Release|x86
		{76322623-0BC5-4531-AF4E-C3BF2053E3E4}.Debug|Any CPU.ActiveCfg = Debug|Any CPU
		{76322623-0BC5-4531-AF4E-C3BF2053E3E4}.Debug|Any CPU.Build.0 = Debug|Any CPU
		{76322623-0BC5-4531-AF4E-C3BF2053E3E4}.Debug|Mixed Platforms.ActiveCfg = Debug|Any CPU
		{76322623-0BC5-4531-AF4E-C3BF2053E3E4}.Debug|Mixed Platforms.Build.0 = Debug|Any CPU
		{76322623-0BC5-4531-AF4E-C3BF2053E3E4}.Debug|x86.ActiveCfg = Debug|Any CPU
		{76322623-0BC5-4531-AF4E-C3BF2053E3E4}.Release|Any CPU.ActiveCfg = Release|Any CPU
		{76322623-0BC5-4531-AF4E-C3BF2053E3E4}.Release|Any CPU.Build.0 = Release|Any CPU
		{76322623-0BC5-4531-AF4E-C3BF2053E3E4}.Release|Mixed Platforms.ActiveCfg = Release|Any CPU
		{76322623-0BC5-4531-AF4E-C3BF2053E3E4}.Release|Mixed Platforms.Build.0 = Release|Any CPU
		{76322623-0BC5-4531-AF4E-C3BF2053E3E4}.Release|x86.ActiveCfg = Release|Any CPU
		{400C738D-89BD-4D7A-B76C-2BCB836F887E}.Debug|Any CPU.ActiveCfg = Debug|Any CPU
		{400C738D-89BD-4D7A-B76C-2BCB836F887E}.Debug|Any CPU.Build.0 = Debug|Any CPU
		{400C738D-89BD-4D7A-B76C-2BCB836F887E}.Debug|Mixed Platforms.ActiveCfg = Debug|Any CPU
		{400C738D-89BD-4D7A-B76C-2BCB836F887E}.Debug|Mixed Platforms.Build.0 = Debug|Any CPU
		{400C738D-89BD-4D7A-B76C-2BCB836F887E}.Debug|x86.ActiveCfg = Debug|Any CPU
		{400C738D-89BD-4D7A-B76C-2BCB836F887E}.Release|Any CPU.ActiveCfg = Release|Any CPU
		{400C738D-89BD-4D7A-B76C-2BCB836F887E}.Release|Any CPU.Build.0 = Release|Any CPU
		{400C738D-89BD-4D7A-B76C-2BCB836F887E}.Release|Mixed Platforms.ActiveCfg = Release|Any CPU
		{400C738D-89BD-4D7A-B76C-2BCB836F887E}.Release|Mixed Platforms.Build.0 = Release|Any CPU
		{400C738D-89BD-4D7A-B76C-2BCB836F887E}.Release|x86.ActiveCfg = Release|Any CPU
		{10F7A800-ABDA-493A-90DA-BD2D3F06C8E3}.Debug|Any CPU.ActiveCfg = Debug|Any CPU
		{10F7A800-ABDA-493A-90DA-BD2D3F06C8E3}.Debug|Any CPU.Build.0 = Debug|Any CPU
		{10F7A800-ABDA-493A-90DA-BD2D3F06C8E3}.Debug|Mixed Platforms.ActiveCfg = Debug|Any CPU
		{10F7A800-ABDA-493A-90DA-BD2D3F06C8E3}.Debug|Mixed Platforms.Build.0 = Debug|Any CPU
		{10F7A800-ABDA-493A-90DA-BD2D3F06C8E3}.Debug|x86.ActiveCfg = Debug|Any CPU
		{10F7A800-ABDA-493A-90DA-BD2D3F06C8E3}.Release|Any CPU.ActiveCfg = Release|Any CPU
		{10F7A800-ABDA-493A-90DA-BD2D3F06C8E3}.Release|Any CPU.Build.0 = Release|Any CPU
		{10F7A800-ABDA-493A-90DA-BD2D3F06C8E3}.Release|Mixed Platforms.ActiveCfg = Release|Any CPU
		{10F7A800-ABDA-493A-90DA-BD2D3F06C8E3}.Release|Mixed Platforms.Build.0 = Release|Any CPU
		{10F7A800-ABDA-493A-90DA-BD2D3F06C8E3}.Release|x86.ActiveCfg = Release|Any CPU
		{5D3C9D82-21EE-4878-88BF-B959AA3265CC}.Debug|Any CPU.ActiveCfg = Debug|Any CPU
		{5D3C9D82-21EE-4878-88BF-B959AA3265CC}.Debug|Any CPU.Build.0 = Debug|Any CPU
		{5D3C9D82-21EE-4878-88BF-B959AA3265CC}.Debug|Mixed Platforms.ActiveCfg = Debug|Any CPU
		{5D3C9D82-21EE-4878-88BF-B959AA3265CC}.Debug|Mixed Platforms.Build.0 = Debug|Any CPU
		{5D3C9D82-21EE-4878-88BF-B959AA3265CC}.Debug|x86.ActiveCfg = Debug|Any CPU
		{5D3C9D82-21EE-4878-88BF-B959AA3265CC}.Release|Any CPU.ActiveCfg = Release|Any CPU
		{5D3C9D82-21EE-4878-88BF-B959AA3265CC}.Release|Any CPU.Build.0 = Release|Any CPU
		{5D3C9D82-21EE-4878-88BF-B959AA3265CC}.Release|Mixed Platforms.ActiveCfg = Release|Any CPU
		{5D3C9D82-21EE-4878-88BF-B959AA3265CC}.Release|Mixed Platforms.Build.0 = Release|Any CPU
		{5D3C9D82-21EE-4878-88BF-B959AA3265CC}.Release|x86.ActiveCfg = Release|Any CPU
		{17F177E2-DC22-45A1-A20F-18898D6F361B}.Debug|Any CPU.ActiveCfg = Debug|Any CPU
		{17F177E2-DC22-45A1-A20F-18898D6F361B}.Debug|Any CPU.Build.0 = Debug|Any CPU
		{17F177E2-DC22-45A1-A20F-18898D6F361B}.Debug|Mixed Platforms.ActiveCfg = Debug|Any CPU
		{17F177E2-DC22-45A1-A20F-18898D6F361B}.Debug|Mixed Platforms.Build.0 = Debug|Any CPU
		{17F177E2-DC22-45A1-A20F-18898D6F361B}.Debug|x86.ActiveCfg = Debug|Any CPU
		{17F177E2-DC22-45A1-A20F-18898D6F361B}.Release|Any CPU.ActiveCfg = Release|Any CPU
		{17F177E2-DC22-45A1-A20F-18898D6F361B}.Release|Any CPU.Build.0 = Release|Any CPU
		{17F177E2-DC22-45A1-A20F-18898D6F361B}.Release|Mixed Platforms.ActiveCfg = Release|Any CPU
		{17F177E2-DC22-45A1-A20F-18898D6F361B}.Release|Mixed Platforms.Build.0 = Release|Any CPU
		{17F177E2-DC22-45A1-A20F-18898D6F361B}.Release|x86.ActiveCfg = Release|Any CPU
		{2BC5047C-1B25-4EF2-9824-2F2EC6CD8383}.Debug|Any CPU.ActiveCfg = Debug|Any CPU
		{2BC5047C-1B25-4EF2-9824-2F2EC6CD8383}.Debug|Any CPU.Build.0 = Debug|Any CPU
		{2BC5047C-1B25-4EF2-9824-2F2EC6CD8383}.Debug|Mixed Platforms.ActiveCfg = Debug|Any CPU
		{2BC5047C-1B25-4EF2-9824-2F2EC6CD8383}.Debug|Mixed Platforms.Build.0 = Debug|Any CPU
		{2BC5047C-1B25-4EF2-9824-2F2EC6CD8383}.Debug|x86.ActiveCfg = Debug|Any CPU
		{2BC5047C-1B25-4EF2-9824-2F2EC6CD8383}.Release|Any CPU.ActiveCfg = Release|Any CPU
		{2BC5047C-1B25-4EF2-9824-2F2EC6CD8383}.Release|Any CPU.Build.0 = Release|Any CPU
		{2BC5047C-1B25-4EF2-9824-2F2EC6CD8383}.Release|Mixed Platforms.ActiveCfg = Release|Any CPU
		{2BC5047C-1B25-4EF2-9824-2F2EC6CD8383}.Release|Mixed Platforms.Build.0 = Release|Any CPU
		{2BC5047C-1B25-4EF2-9824-2F2EC6CD8383}.Release|x86.ActiveCfg = Release|Any CPU
		{0C7EF475-CC9B-43CB-A578-1FAEC0F6E1EA}.Debug|Any CPU.ActiveCfg = Debug|x86
		{0C7EF475-CC9B-43CB-A578-1FAEC0F6E1EA}.Debug|Mixed Platforms.ActiveCfg = Debug|x86
		{0C7EF475-CC9B-43CB-A578-1FAEC0F6E1EA}.Debug|Mixed Platforms.Build.0 = Debug|x86
		{0C7EF475-CC9B-43CB-A578-1FAEC0F6E1EA}.Debug|x86.ActiveCfg = Debug|x86
		{0C7EF475-CC9B-43CB-A578-1FAEC0F6E1EA}.Debug|x86.Build.0 = Debug|x86
		{0C7EF475-CC9B-43CB-A578-1FAEC0F6E1EA}.Release|Any CPU.ActiveCfg = Release|x86
		{0C7EF475-CC9B-43CB-A578-1FAEC0F6E1EA}.Release|Mixed Platforms.ActiveCfg = Release|x86
		{0C7EF475-CC9B-43CB-A578-1FAEC0F6E1EA}.Release|Mixed Platforms.Build.0 = Release|x86
		{0C7EF475-CC9B-43CB-A578-1FAEC0F6E1EA}.Release|x86.ActiveCfg = Release|x86
		{0C7EF475-CC9B-43CB-A578-1FAEC0F6E1EA}.Release|x86.Build.0 = Release|x86
		{709EBF80-3DC2-46A4-AD11-BEB69B3C7B2B}.Debug|Any CPU.ActiveCfg = Debug|x86
		{709EBF80-3DC2-46A4-AD11-BEB69B3C7B2B}.Debug|Mixed Platforms.ActiveCfg = Debug|x86
		{709EBF80-3DC2-46A4-AD11-BEB69B3C7B2B}.Debug|Mixed Platforms.Build.0 = Debug|x86
		{709EBF80-3DC2-46A4-AD11-BEB69B3C7B2B}.Debug|x86.ActiveCfg = Debug|x86
		{709EBF80-3DC2-46A4-AD11-BEB69B3C7B2B}.Debug|x86.Build.0 = Debug|x86
		{709EBF80-3DC2-46A4-AD11-BEB69B3C7B2B}.Release|Any CPU.ActiveCfg = Release|x86
		{709EBF80-3DC2-46A4-AD11-BEB69B3C7B2B}.Release|Mixed Platforms.ActiveCfg = Release|x86
		{709EBF80-3DC2-46A4-AD11-BEB69B3C7B2B}.Release|Mixed Platforms.Build.0 = Release|x86
		{709EBF80-3DC2-46A4-AD11-BEB69B3C7B2B}.Release|x86.ActiveCfg = Release|x86
		{709EBF80-3DC2-46A4-AD11-BEB69B3C7B2B}.Release|x86.Build.0 = Release|x86
		{7C8435E0-1514-4557-AF33-C0C713A6201E}.Debug|Any CPU.ActiveCfg = Debug|x86
		{7C8435E0-1514-4557-AF33-C0C713A6201E}.Debug|Mixed Platforms.ActiveCfg = Debug|x86
		{7C8435E0-1514-4557-AF33-C0C713A6201E}.Debug|Mixed Platforms.Build.0 = Debug|x86
		{7C8435E0-1514-4557-AF33-C0C713A6201E}.Debug|x86.ActiveCfg = Debug|x86
		{7C8435E0-1514-4557-AF33-C0C713A6201E}.Debug|x86.Build.0 = Debug|x86
		{7C8435E0-1514-4557-AF33-C0C713A6201E}.Release|Any CPU.ActiveCfg = Release|x86
		{7C8435E0-1514-4557-AF33-C0C713A6201E}.Release|Mixed Platforms.ActiveCfg = Release|x86
		{7C8435E0-1514-4557-AF33-C0C713A6201E}.Release|Mixed Platforms.Build.0 = Release|x86
		{7C8435E0-1514-4557-AF33-C0C713A6201E}.Release|x86.ActiveCfg = Release|x86
		{7C8435E0-1514-4557-AF33-C0C713A6201E}.Release|x86.Build.0 = Release|x86
		{4D4ED20E-68DA-4716-86D6-C786B6644A47}.Debug|Any CPU.ActiveCfg = Debug|x86
		{4D4ED20E-68DA-4716-86D6-C786B6644A47}.Debug|Mixed Platforms.ActiveCfg = Debug|x86
		{4D4ED20E-68DA-4716-86D6-C786B6644A47}.Debug|Mixed Platforms.Build.0 = Debug|x86
		{4D4ED20E-68DA-4716-86D6-C786B6644A47}.Debug|x86.ActiveCfg = Debug|x86
		{4D4ED20E-68DA-4716-86D6-C786B6644A47}.Debug|x86.Build.0 = Debug|x86
		{4D4ED20E-68DA-4716-86D6-C786B6644A47}.Release|Any CPU.ActiveCfg = Release|x86
		{4D4ED20E-68DA-4716-86D6-C786B6644A47}.Release|Mixed Platforms.ActiveCfg = Release|x86
		{4D4ED20E-68DA-4716-86D6-C786B6644A47}.Release|Mixed Platforms.Build.0 = Release|x86
		{4D4ED20E-68DA-4716-86D6-C786B6644A47}.Release|x86.ActiveCfg = Release|x86
		{4D4ED20E-68DA-4716-86D6-C786B6644A47}.Release|x86.Build.0 = Release|x86
		{9446C231-E262-4AA5-85B5-3621E379238B}.Debug|Any CPU.ActiveCfg = Debug|Any CPU
		{9446C231-E262-4AA5-85B5-3621E379238B}.Debug|Any CPU.Build.0 = Debug|Any CPU
		{9446C231-E262-4AA5-85B5-3621E379238B}.Debug|Mixed Platforms.ActiveCfg = Debug|Any CPU
		{9446C231-E262-4AA5-85B5-3621E379238B}.Debug|Mixed Platforms.Build.0 = Debug|Any CPU
		{9446C231-E262-4AA5-85B5-3621E379238B}.Debug|x86.ActiveCfg = Debug|Any CPU
		{9446C231-E262-4AA5-85B5-3621E379238B}.Release|Any CPU.ActiveCfg = Release|Any CPU
		{9446C231-E262-4AA5-85B5-3621E379238B}.Release|Any CPU.Build.0 = Release|Any CPU
		{9446C231-E262-4AA5-85B5-3621E379238B}.Release|Mixed Platforms.ActiveCfg = Release|Any CPU
		{9446C231-E262-4AA5-85B5-3621E379238B}.Release|Mixed Platforms.Build.0 = Release|Any CPU
		{9446C231-E262-4AA5-85B5-3621E379238B}.Release|x86.ActiveCfg = Release|Any CPU
		{88C55DA6-5173-4ABB-96CF-F8C620FAAC8F}.Debug|Any CPU.ActiveCfg = Debug|Any CPU
		{88C55DA6-5173-4ABB-96CF-F8C620FAAC8F}.Debug|Any CPU.Build.0 = Debug|Any CPU
		{88C55DA6-5173-4ABB-96CF-F8C620FAAC8F}.Debug|Mixed Platforms.ActiveCfg = Debug|Any CPU
		{88C55DA6-5173-4ABB-96CF-F8C620FAAC8F}.Debug|Mixed Platforms.Build.0 = Debug|Any CPU
		{88C55DA6-5173-4ABB-96CF-F8C620FAAC8F}.Debug|x86.ActiveCfg = Debug|Any CPU
		{88C55DA6-5173-4ABB-96CF-F8C620FAAC8F}.Release|Any CPU.ActiveCfg = Release|Any CPU
		{88C55DA6-5173-4ABB-96CF-F8C620FAAC8F}.Release|Any CPU.Build.0 = Release|Any CPU
		{88C55DA6-5173-4ABB-96CF-F8C620FAAC8F}.Release|Mixed Platforms.ActiveCfg = Release|Any CPU
		{88C55DA6-5173-4ABB-96CF-F8C620FAAC8F}.Release|Mixed Platforms.Build.0 = Release|Any CPU
		{88C55DA6-5173-4ABB-96CF-F8C620FAAC8F}.Release|x86.ActiveCfg = Release|Any CPU
		{D7E3A978-FFC2-4C46-8827-FFCE9C5463FF}.Debug|Any CPU.ActiveCfg = Debug|Any CPU
		{D7E3A978-FFC2-4C46-8827-FFCE9C5463FF}.Debug|Any CPU.Build.0 = Debug|Any CPU
		{D7E3A978-FFC2-4C46-8827-FFCE9C5463FF}.Debug|Mixed Platforms.ActiveCfg = Debug|Any CPU
		{D7E3A978-FFC2-4C46-8827-FFCE9C5463FF}.Debug|Mixed Platforms.Build.0 = Debug|Any CPU
		{D7E3A978-FFC2-4C46-8827-FFCE9C5463FF}.Debug|x86.ActiveCfg = Debug|Any CPU
		{D7E3A978-FFC2-4C46-8827-FFCE9C5463FF}.Release|Any CPU.ActiveCfg = Release|Any CPU
		{D7E3A978-FFC2-4C46-8827-FFCE9C5463FF}.Release|Any CPU.Build.0 = Release|Any CPU
		{D7E3A978-FFC2-4C46-8827-FFCE9C5463FF}.Release|Mixed Platforms.ActiveCfg = Release|Any CPU
		{D7E3A978-FFC2-4C46-8827-FFCE9C5463FF}.Release|Mixed Platforms.Build.0 = Release|Any CPU
		{D7E3A978-FFC2-4C46-8827-FFCE9C5463FF}.Release|x86.ActiveCfg = Release|Any CPU
		{62037B3D-9361-4AA1-B6F5-4D5EA5D423E7}.Debug|Any CPU.ActiveCfg = Debug|Any CPU
		{62037B3D-9361-4AA1-B6F5-4D5EA5D423E7}.Debug|Any CPU.Build.0 = Debug|Any CPU
		{62037B3D-9361-4AA1-B6F5-4D5EA5D423E7}.Debug|Mixed Platforms.ActiveCfg = Debug|Any CPU
		{62037B3D-9361-4AA1-B6F5-4D5EA5D423E7}.Debug|Mixed Platforms.Build.0 = Debug|Any CPU
		{62037B3D-9361-4AA1-B6F5-4D5EA5D423E7}.Debug|x86.ActiveCfg = Debug|Any CPU
		{62037B3D-9361-4AA1-B6F5-4D5EA5D423E7}.Release|Any CPU.ActiveCfg = Release|Any CPU
		{62037B3D-9361-4AA1-B6F5-4D5EA5D423E7}.Release|Any CPU.Build.0 = Release|Any CPU
		{62037B3D-9361-4AA1-B6F5-4D5EA5D423E7}.Release|Mixed Platforms.ActiveCfg = Release|Any CPU
		{62037B3D-9361-4AA1-B6F5-4D5EA5D423E7}.Release|Mixed Platforms.Build.0 = Release|Any CPU
		{62037B3D-9361-4AA1-B6F5-4D5EA5D423E7}.Release|x86.ActiveCfg = Release|Any CPU
		{F124A688-6059-455C-BB67-D2264DEB6248}.Debug|Any CPU.ActiveCfg = Debug|Any CPU
		{F124A688-6059-455C-BB67-D2264DEB6248}.Debug|Any CPU.Build.0 = Debug|Any CPU
		{F124A688-6059-455C-BB67-D2264DEB6248}.Debug|Mixed Platforms.ActiveCfg = Debug|Any CPU
		{F124A688-6059-455C-BB67-D2264DEB6248}.Debug|Mixed Platforms.Build.0 = Debug|Any CPU
		{F124A688-6059-455C-BB67-D2264DEB6248}.Debug|x86.ActiveCfg = Debug|Any CPU
		{F124A688-6059-455C-BB67-D2264DEB6248}.Release|Any CPU.ActiveCfg = Release|Any CPU
		{F124A688-6059-455C-BB67-D2264DEB6248}.Release|Any CPU.Build.0 = Release|Any CPU
		{F124A688-6059-455C-BB67-D2264DEB6248}.Release|Mixed Platforms.ActiveCfg = Release|Any CPU
		{F124A688-6059-455C-BB67-D2264DEB6248}.Release|Mixed Platforms.Build.0 = Release|Any CPU
		{F124A688-6059-455C-BB67-D2264DEB6248}.Release|x86.ActiveCfg = Release|Any CPU
		{C0C6FA6C-6AF6-4F38-A275-36BA10243AEB}.Debug|Any CPU.ActiveCfg = Debug|Any CPU
		{C0C6FA6C-6AF6-4F38-A275-36BA10243AEB}.Debug|Any CPU.Build.0 = Debug|Any CPU
		{C0C6FA6C-6AF6-4F38-A275-36BA10243AEB}.Debug|Mixed Platforms.ActiveCfg = Debug|Any CPU
		{C0C6FA6C-6AF6-4F38-A275-36BA10243AEB}.Debug|Mixed Platforms.Build.0 = Debug|Any CPU
		{C0C6FA6C-6AF6-4F38-A275-36BA10243AEB}.Debug|x86.ActiveCfg = Debug|Any CPU
		{C0C6FA6C-6AF6-4F38-A275-36BA10243AEB}.Release|Any CPU.ActiveCfg = Release|Any CPU
		{C0C6FA6C-6AF6-4F38-A275-36BA10243AEB}.Release|Any CPU.Build.0 = Release|Any CPU
		{C0C6FA6C-6AF6-4F38-A275-36BA10243AEB}.Release|Mixed Platforms.ActiveCfg = Release|Any CPU
		{C0C6FA6C-6AF6-4F38-A275-36BA10243AEB}.Release|Mixed Platforms.Build.0 = Release|Any CPU
		{C0C6FA6C-6AF6-4F38-A275-36BA10243AEB}.Release|x86.ActiveCfg = Release|Any CPU
		{5543B11A-E56D-4F6B-B916-446E2197C213}.Debug|Any CPU.ActiveCfg = Debug|Any CPU
		{5543B11A-E56D-4F6B-B916-446E2197C213}.Debug|Any CPU.Build.0 = Debug|Any CPU
		{5543B11A-E56D-4F6B-B916-446E2197C213}.Debug|Mixed Platforms.ActiveCfg = Debug|Any CPU
		{5543B11A-E56D-4F6B-B916-446E2197C213}.Debug|Mixed Platforms.Build.0 = Debug|Any CPU
		{5543B11A-E56D-4F6B-B916-446E2197C213}.Debug|x86.ActiveCfg = Debug|Any CPU
		{5543B11A-E56D-4F6B-B916-446E2197C213}.Release|Any CPU.ActiveCfg = Release|Any CPU
		{5543B11A-E56D-4F6B-B916-446E2197C213}.Release|Any CPU.Build.0 = Release|Any CPU
		{5543B11A-E56D-4F6B-B916-446E2197C213}.Release|Mixed Platforms.ActiveCfg = Release|Any CPU
		{5543B11A-E56D-4F6B-B916-446E2197C213}.Release|Mixed Platforms.Build.0 = Release|Any CPU
		{5543B11A-E56D-4F6B-B916-446E2197C213}.Release|x86.ActiveCfg = Release|Any CPU
		{975783E0-57FD-4471-ADA2-53F7397909F5}.Debug|Any CPU.ActiveCfg = Debug|Any CPU
		{975783E0-57FD-4471-ADA2-53F7397909F5}.Debug|Any CPU.Build.0 = Debug|Any CPU
		{975783E0-57FD-4471-ADA2-53F7397909F5}.Debug|Mixed Platforms.ActiveCfg = Debug|Any CPU
		{975783E0-57FD-4471-ADA2-53F7397909F5}.Debug|Mixed Platforms.Build.0 = Debug|Any CPU
		{975783E0-57FD-4471-ADA2-53F7397909F5}.Debug|x86.ActiveCfg = Debug|Any CPU
		{975783E0-57FD-4471-ADA2-53F7397909F5}.Release|Any CPU.ActiveCfg = Release|Any CPU
		{975783E0-57FD-4471-ADA2-53F7397909F5}.Release|Any CPU.Build.0 = Release|Any CPU
		{975783E0-57FD-4471-ADA2-53F7397909F5}.Release|Mixed Platforms.ActiveCfg = Release|Any CPU
		{975783E0-57FD-4471-ADA2-53F7397909F5}.Release|Mixed Platforms.Build.0 = Release|Any CPU
		{975783E0-57FD-4471-ADA2-53F7397909F5}.Release|x86.ActiveCfg = Release|Any CPU
		{FF72E87D-95B4-4E05-A734-BABCD72F2A35}.Debug|Any CPU.ActiveCfg = Debug|Any CPU
		{FF72E87D-95B4-4E05-A734-BABCD72F2A35}.Debug|Any CPU.Build.0 = Debug|Any CPU
		{FF72E87D-95B4-4E05-A734-BABCD72F2A35}.Debug|Mixed Platforms.ActiveCfg = Debug|Any CPU
		{FF72E87D-95B4-4E05-A734-BABCD72F2A35}.Debug|Mixed Platforms.Build.0 = Debug|Any CPU
		{FF72E87D-95B4-4E05-A734-BABCD72F2A35}.Debug|x86.ActiveCfg = Debug|Any CPU
		{FF72E87D-95B4-4E05-A734-BABCD72F2A35}.Release|Any CPU.ActiveCfg = Release|Any CPU
		{FF72E87D-95B4-4E05-A734-BABCD72F2A35}.Release|Any CPU.Build.0 = Release|Any CPU
		{FF72E87D-95B4-4E05-A734-BABCD72F2A35}.Release|Mixed Platforms.ActiveCfg = Release|Any CPU
		{FF72E87D-95B4-4E05-A734-BABCD72F2A35}.Release|Mixed Platforms.Build.0 = Release|Any CPU
		{FF72E87D-95B4-4E05-A734-BABCD72F2A35}.Release|x86.ActiveCfg = Release|Any CPU
		{36B2B0C4-5684-4DBC-AE6A-ACB89D5676D1}.Debug|Any CPU.ActiveCfg = Debug|x86
		{36B2B0C4-5684-4DBC-AE6A-ACB89D5676D1}.Debug|Mixed Platforms.ActiveCfg = Debug|x86
		{36B2B0C4-5684-4DBC-AE6A-ACB89D5676D1}.Debug|Mixed Platforms.Build.0 = Debug|x86
		{36B2B0C4-5684-4DBC-AE6A-ACB89D5676D1}.Debug|x86.ActiveCfg = Debug|x86
		{36B2B0C4-5684-4DBC-AE6A-ACB89D5676D1}.Debug|x86.Build.0 = Debug|x86
		{36B2B0C4-5684-4DBC-AE6A-ACB89D5676D1}.Release|Any CPU.ActiveCfg = Release|x86
		{36B2B0C4-5684-4DBC-AE6A-ACB89D5676D1}.Release|Mixed Platforms.ActiveCfg = Release|x86
		{36B2B0C4-5684-4DBC-AE6A-ACB89D5676D1}.Release|Mixed Platforms.Build.0 = Release|x86
		{36B2B0C4-5684-4DBC-AE6A-ACB89D5676D1}.Release|x86.ActiveCfg = Release|x86
		{36B2B0C4-5684-4DBC-AE6A-ACB89D5676D1}.Release|x86.Build.0 = Release|x86
		{ABB3BDEB-3D1A-4D07-85D7-55AB00367F21}.Debug|Any CPU.ActiveCfg = Debug|Any CPU
		{ABB3BDEB-3D1A-4D07-85D7-55AB00367F21}.Debug|Any CPU.Build.0 = Debug|Any CPU
		{ABB3BDEB-3D1A-4D07-85D7-55AB00367F21}.Debug|Mixed Platforms.ActiveCfg = Debug|Any CPU
		{ABB3BDEB-3D1A-4D07-85D7-55AB00367F21}.Debug|Mixed Platforms.Build.0 = Debug|Any CPU
		{ABB3BDEB-3D1A-4D07-85D7-55AB00367F21}.Debug|x86.ActiveCfg = Debug|Any CPU
		{ABB3BDEB-3D1A-4D07-85D7-55AB00367F21}.Release|Any CPU.ActiveCfg = Release|Any CPU
		{ABB3BDEB-3D1A-4D07-85D7-55AB00367F21}.Release|Any CPU.Build.0 = Release|Any CPU
		{ABB3BDEB-3D1A-4D07-85D7-55AB00367F21}.Release|Mixed Platforms.ActiveCfg = Release|Any CPU
		{ABB3BDEB-3D1A-4D07-85D7-55AB00367F21}.Release|Mixed Platforms.Build.0 = Release|Any CPU
		{ABB3BDEB-3D1A-4D07-85D7-55AB00367F21}.Release|x86.ActiveCfg = Release|Any CPU
		{9BC88B1C-8DFB-4A42-BF30-10E34FCE56E6}.Debug|Any CPU.ActiveCfg = Debug|x86
		{9BC88B1C-8DFB-4A42-BF30-10E34FCE56E6}.Debug|Mixed Platforms.ActiveCfg = Debug|x86
		{9BC88B1C-8DFB-4A42-BF30-10E34FCE56E6}.Debug|Mixed Platforms.Build.0 = Debug|x86
		{9BC88B1C-8DFB-4A42-BF30-10E34FCE56E6}.Debug|x86.ActiveCfg = Debug|x86
		{9BC88B1C-8DFB-4A42-BF30-10E34FCE56E6}.Debug|x86.Build.0 = Debug|x86
		{9BC88B1C-8DFB-4A42-BF30-10E34FCE56E6}.Release|Any CPU.ActiveCfg = Release|x86
		{9BC88B1C-8DFB-4A42-BF30-10E34FCE56E6}.Release|Mixed Platforms.ActiveCfg = Release|x86
		{9BC88B1C-8DFB-4A42-BF30-10E34FCE56E6}.Release|Mixed Platforms.Build.0 = Release|x86
		{9BC88B1C-8DFB-4A42-BF30-10E34FCE56E6}.Release|x86.ActiveCfg = Release|x86
		{9BC88B1C-8DFB-4A42-BF30-10E34FCE56E6}.Release|x86.Build.0 = Release|x86
		{B697E924-4D77-4F64-834E-4DF5E1CD72AC}.Debug|Any CPU.ActiveCfg = Debug|Any CPU
		{B697E924-4D77-4F64-834E-4DF5E1CD72AC}.Debug|Any CPU.Build.0 = Debug|Any CPU
		{B697E924-4D77-4F64-834E-4DF5E1CD72AC}.Debug|Mixed Platforms.ActiveCfg = Debug|Any CPU
		{B697E924-4D77-4F64-834E-4DF5E1CD72AC}.Debug|Mixed Platforms.Build.0 = Debug|Any CPU
		{B697E924-4D77-4F64-834E-4DF5E1CD72AC}.Debug|x86.ActiveCfg = Debug|Any CPU
		{B697E924-4D77-4F64-834E-4DF5E1CD72AC}.Release|Any CPU.ActiveCfg = Release|Any CPU
		{B697E924-4D77-4F64-834E-4DF5E1CD72AC}.Release|Any CPU.Build.0 = Release|Any CPU
		{B697E924-4D77-4F64-834E-4DF5E1CD72AC}.Release|Mixed Platforms.ActiveCfg = Release|Any CPU
		{B697E924-4D77-4F64-834E-4DF5E1CD72AC}.Release|Mixed Platforms.Build.0 = Release|Any CPU
		{B697E924-4D77-4F64-834E-4DF5E1CD72AC}.Release|x86.ActiveCfg = Release|Any CPU
		{1696DD29-5575-488E-A75F-9D2994C71ED1}.Debug|Any CPU.ActiveCfg = Debug|Any CPU
		{1696DD29-5575-488E-A75F-9D2994C71ED1}.Debug|Any CPU.Build.0 = Debug|Any CPU
		{1696DD29-5575-488E-A75F-9D2994C71ED1}.Debug|Mixed Platforms.ActiveCfg = Debug|Any CPU
		{1696DD29-5575-488E-A75F-9D2994C71ED1}.Debug|Mixed Platforms.Build.0 = Debug|Any CPU
		{1696DD29-5575-488E-A75F-9D2994C71ED1}.Debug|x86.ActiveCfg = Debug|Any CPU
		{1696DD29-5575-488E-A75F-9D2994C71ED1}.Release|Any CPU.ActiveCfg = Release|Any CPU
		{1696DD29-5575-488E-A75F-9D2994C71ED1}.Release|Any CPU.Build.0 = Release|Any CPU
		{1696DD29-5575-488E-A75F-9D2994C71ED1}.Release|Mixed Platforms.ActiveCfg = Release|Any CPU
		{1696DD29-5575-488E-A75F-9D2994C71ED1}.Release|Mixed Platforms.Build.0 = Release|Any CPU
		{1696DD29-5575-488E-A75F-9D2994C71ED1}.Release|x86.ActiveCfg = Release|Any CPU
	EndGlobalSection
	GlobalSection(SolutionProperties) = preSolution
		HideSolutionNode = FALSE
	EndGlobalSection
	GlobalSection(TestCaseManagementSettings) = postSolution
		CategoryFile = Gui2012.vsmdi
	EndGlobalSection
EndGlobal
